// !$*UTF8*$!
{
	archiveVersion = 1;
	classes = {
	};
	objectVersion = 46;
	objects = {

/* Begin PBXBuildFile section */
		954EB0B318FAD1E400E5AD2A /* FBFriendsList.m in Sources */ = {isa = PBXBuildFile; fileRef = 954EB0B218FAD1E400E5AD2A /* FBFriendsList.m */; };
		954EB0B618FB6A7500E5AD2A /* FBFriend.m in Sources */ = {isa = PBXBuildFile; fileRef = 954EB0B518FB6A7500E5AD2A /* FBFriend.m */; };
		954EB0B918FB714C00E5AD2A /* MatchBox.m in Sources */ = {isa = PBXBuildFile; fileRef = 954EB0B818FB714C00E5AD2A /* MatchBox.m */; };
		95BF36B318F0A1170054288F /* Foundation.framework in Frameworks */ = {isa = PBXBuildFile; fileRef = 95BF36B218F0A1170054288F /* Foundation.framework */; };
		95BF36B518F0A1170054288F /* CoreGraphics.framework in Frameworks */ = {isa = PBXBuildFile; fileRef = 95BF36B418F0A1170054288F /* CoreGraphics.framework */; };
		95BF36B718F0A1170054288F /* UIKit.framework in Frameworks */ = {isa = PBXBuildFile; fileRef = 95BF36B618F0A1170054288F /* UIKit.framework */; };
		95BF36BD18F0A1170054288F /* InfoPlist.strings in Resources */ = {isa = PBXBuildFile; fileRef = 95BF36BB18F0A1170054288F /* InfoPlist.strings */; };
		95BF36BF18F0A1170054288F /* main.m in Sources */ = {isa = PBXBuildFile; fileRef = 95BF36BE18F0A1170054288F /* main.m */; };
		95BF36C318F0A1180054288F /* AppDelegate.m in Sources */ = {isa = PBXBuildFile; fileRef = 95BF36C218F0A1180054288F /* AppDelegate.m */; };
		95BF36C618F0A1180054288F /* Main_iPhone.storyboard in Resources */ = {isa = PBXBuildFile; fileRef = 95BF36C418F0A1180054288F /* Main_iPhone.storyboard */; };
		95BF36C918F0A1180054288F /* Main_iPad.storyboard in Resources */ = {isa = PBXBuildFile; fileRef = 95BF36C718F0A1180054288F /* Main_iPad.storyboard */; };
		95BF36CC18F0A1180054288F /* ViewController.m in Sources */ = {isa = PBXBuildFile; fileRef = 95BF36CB18F0A1180054288F /* ViewController.m */; };
		95BF36CE18F0A1180054288F /* Images.xcassets in Resources */ = {isa = PBXBuildFile; fileRef = 95BF36CD18F0A1180054288F /* Images.xcassets */; };
		95BF36D518F0A1180054288F /* XCTest.framework in Frameworks */ = {isa = PBXBuildFile; fileRef = 95BF36D418F0A1180054288F /* XCTest.framework */; };
		95BF36D618F0A1180054288F /* Foundation.framework in Frameworks */ = {isa = PBXBuildFile; fileRef = 95BF36B218F0A1170054288F /* Foundation.framework */; };
		95BF36D718F0A1180054288F /* UIKit.framework in Frameworks */ = {isa = PBXBuildFile; fileRef = 95BF36B618F0A1170054288F /* UIKit.framework */; };
		95BF36DF18F0A1180054288F /* InfoPlist.strings in Resources */ = {isa = PBXBuildFile; fileRef = 95BF36DD18F0A1180054288F /* InfoPlist.strings */; };
		95BF36E118F0A1180054288F /* MatchBoxTests.m in Sources */ = {isa = PBXBuildFile; fileRef = 95BF36E018F0A1180054288F /* MatchBoxTests.m */; };
		95BF36EB18F0A12E0054288F /* FacebookSDK.framework in Frameworks */ = {isa = PBXBuildFile; fileRef = 95BF36EA18F0A12E0054288F /* FacebookSDK.framework */; };
		95BF36EE18F0EBBF0054288F /* MatchBoxViewController.m in Sources */ = {isa = PBXBuildFile; fileRef = 95BF36ED18F0EBBF0054288F /* MatchBoxViewController.m */; };
/* End PBXBuildFile section */

/* Begin PBXContainerItemProxy section */
		95BF36D818F0A1180054288F /* PBXContainerItemProxy */ = {
			isa = PBXContainerItemProxy;
			containerPortal = 95BF36A718F0A1170054288F /* Project object */;
			proxyType = 1;
			remoteGlobalIDString = 95BF36AE18F0A1170054288F;
			remoteInfo = MatchBox;
		};
/* End PBXContainerItemProxy section */

/* Begin PBXFileReference section */
		954EB0B118FAD1E400E5AD2A /* FBFriendsList.h */ = {isa = PBXFileReference; fileEncoding = 4; lastKnownFileType = sourcecode.c.h; path = FBFriendsList.h; sourceTree = "<group>"; };
		954EB0B218FAD1E400E5AD2A /* FBFriendsList.m */ = {isa = PBXFileReference; fileEncoding = 4; lastKnownFileType = sourcecode.c.objc; path = FBFriendsList.m; sourceTree = "<group>"; };
		954EB0B418FB6A7500E5AD2A /* FBFriend.h */ = {isa = PBXFileReference; fileEncoding = 4; lastKnownFileType = sourcecode.c.h; path = FBFriend.h; sourceTree = "<group>"; };
		954EB0B518FB6A7500E5AD2A /* FBFriend.m */ = {isa = PBXFileReference; fileEncoding = 4; lastKnownFileType = sourcecode.c.objc; path = FBFriend.m; sourceTree = "<group>"; };
		954EB0B718FB714C00E5AD2A /* MatchBox.h */ = {isa = PBXFileReference; fileEncoding = 4; lastKnownFileType = sourcecode.c.h; path = MatchBox.h; sourceTree = "<group>"; };
		954EB0B818FB714C00E5AD2A /* MatchBox.m */ = {isa = PBXFileReference; fileEncoding = 4; lastKnownFileType = sourcecode.c.objc; path = MatchBox.m; sourceTree = "<group>"; };
		95BF36AF18F0A1170054288F /* MatchBox.app */ = {isa = PBXFileReference; explicitFileType = wrapper.application; includeInIndex = 0; path = MatchBox.app; sourceTree = BUILT_PRODUCTS_DIR; };
		95BF36B218F0A1170054288F /* Foundation.framework */ = {isa = PBXFileReference; lastKnownFileType = wrapper.framework; name = Foundation.framework; path = System/Library/Frameworks/Foundation.framework; sourceTree = SDKROOT; };
		95BF36B418F0A1170054288F /* CoreGraphics.framework */ = {isa = PBXFileReference; lastKnownFileType = wrapper.framework; name = CoreGraphics.framework; path = System/Library/Frameworks/CoreGraphics.framework; sourceTree = SDKROOT; };
		95BF36B618F0A1170054288F /* UIKit.framework */ = {isa = PBXFileReference; lastKnownFileType = wrapper.framework; name = UIKit.framework; path = System/Library/Frameworks/UIKit.framework; sourceTree = SDKROOT; };
		95BF36BA18F0A1170054288F /* MatchBox-Info.plist */ = {isa = PBXFileReference; lastKnownFileType = text.plist.xml; path = "MatchBox-Info.plist"; sourceTree = "<group>"; };
		95BF36BC18F0A1170054288F /* en */ = {isa = PBXFileReference; lastKnownFileType = text.plist.strings; name = en; path = en.lproj/InfoPlist.strings; sourceTree = "<group>"; };
		95BF36BE18F0A1170054288F /* main.m */ = {isa = PBXFileReference; lastKnownFileType = sourcecode.c.objc; path = main.m; sourceTree = "<group>"; };
		95BF36C018F0A1170054288F /* MatchBox-Prefix.pch */ = {isa = PBXFileReference; lastKnownFileType = sourcecode.c.h; path = "MatchBox-Prefix.pch"; sourceTree = "<group>"; };
		95BF36C118F0A1170054288F /* AppDelegate.h */ = {isa = PBXFileReference; lastKnownFileType = sourcecode.c.h; path = AppDelegate.h; sourceTree = "<group>"; };
		95BF36C218F0A1180054288F /* AppDelegate.m */ = {isa = PBXFileReference; lastKnownFileType = sourcecode.c.objc; path = AppDelegate.m; sourceTree = "<group>"; };
		95BF36C518F0A1180054288F /* Base */ = {isa = PBXFileReference; lastKnownFileType = file.storyboard; name = Base; path = Base.lproj/Main_iPhone.storyboard; sourceTree = "<group>"; };
		95BF36C818F0A1180054288F /* Base */ = {isa = PBXFileReference; lastKnownFileType = file.storyboard; name = Base; path = Base.lproj/Main_iPad.storyboard; sourceTree = "<group>"; };
		95BF36CA18F0A1180054288F /* ViewController.h */ = {isa = PBXFileReference; lastKnownFileType = sourcecode.c.h; path = ViewController.h; sourceTree = "<group>"; };
		95BF36CB18F0A1180054288F /* ViewController.m */ = {isa = PBXFileReference; lastKnownFileType = sourcecode.c.objc; path = ViewController.m; sourceTree = "<group>"; };
		95BF36CD18F0A1180054288F /* Images.xcassets */ = {isa = PBXFileReference; lastKnownFileType = folder.assetcatalog; path = Images.xcassets; sourceTree = "<group>"; };
		95BF36D318F0A1180054288F /* MatchBoxTests.xctest */ = {isa = PBXFileReference; explicitFileType = wrapper.cfbundle; includeInIndex = 0; path = MatchBoxTests.xctest; sourceTree = BUILT_PRODUCTS_DIR; };
		95BF36D418F0A1180054288F /* XCTest.framework */ = {isa = PBXFileReference; lastKnownFileType = wrapper.framework; name = XCTest.framework; path = Library/Frameworks/XCTest.framework; sourceTree = DEVELOPER_DIR; };
		95BF36DC18F0A1180054288F /* MatchBoxTests-Info.plist */ = {isa = PBXFileReference; lastKnownFileType = text.plist.xml; path = "MatchBoxTests-Info.plist"; sourceTree = "<group>"; };
		95BF36DE18F0A1180054288F /* en */ = {isa = PBXFileReference; lastKnownFileType = text.plist.strings; name = en; path = en.lproj/InfoPlist.strings; sourceTree = "<group>"; };
		95BF36E018F0A1180054288F /* MatchBoxTests.m */ = {isa = PBXFileReference; lastKnownFileType = sourcecode.c.objc; path = MatchBoxTests.m; sourceTree = "<group>"; };
		95BF36EA18F0A12E0054288F /* FacebookSDK.framework */ = {isa = PBXFileReference; lastKnownFileType = wrapper.framework; name = FacebookSDK.framework; path = ../../FacebookSDK/FacebookSDK.framework; sourceTree = "<group>"; };
		95BF36EC18F0EBBF0054288F /* MatchBoxViewController.h */ = {isa = PBXFileReference; fileEncoding = 4; lastKnownFileType = sourcecode.c.h; path = MatchBoxViewController.h; sourceTree = "<group>"; };
		95BF36ED18F0EBBF0054288F /* MatchBoxViewController.m */ = {isa = PBXFileReference; fileEncoding = 4; lastKnownFileType = sourcecode.c.objc; path = MatchBoxViewController.m; sourceTree = "<group>"; };
/* End PBXFileReference section */

/* Begin PBXFrameworksBuildPhase section */
		95BF36AC18F0A1170054288F /* Frameworks */ = {
			isa = PBXFrameworksBuildPhase;
			buildActionMask = 2147483647;
			files = (
				95BF36EB18F0A12E0054288F /* FacebookSDK.framework in Frameworks */,
				95BF36B518F0A1170054288F /* CoreGraphics.framework in Frameworks */,
				95BF36B718F0A1170054288F /* UIKit.framework in Frameworks */,
				95BF36B318F0A1170054288F /* Foundation.framework in Frameworks */,
			);
			runOnlyForDeploymentPostprocessing = 0;
		};
		95BF36D018F0A1180054288F /* Frameworks */ = {
			isa = PBXFrameworksBuildPhase;
			buildActionMask = 2147483647;
			files = (
				95BF36D518F0A1180054288F /* XCTest.framework in Frameworks */,
				95BF36D718F0A1180054288F /* UIKit.framework in Frameworks */,
				95BF36D618F0A1180054288F /* Foundation.framework in Frameworks */,
			);
			runOnlyForDeploymentPostprocessing = 0;
		};
/* End PBXFrameworksBuildPhase section */

/* Begin PBXGroup section */
		95BF36A618F0A1170054288F = {
			isa = PBXGroup;
			children = (
				95BF36B818F0A1170054288F /* MatchBox */,
				95BF36DA18F0A1180054288F /* MatchBoxTests */,
				95BF36B118F0A1170054288F /* Frameworks */,
				95BF36B018F0A1170054288F /* Products */,
			);
			sourceTree = "<group>";
		};
		95BF36B018F0A1170054288F /* Products */ = {
			isa = PBXGroup;
			children = (
				95BF36AF18F0A1170054288F /* MatchBox.app */,
				95BF36D318F0A1180054288F /* MatchBoxTests.xctest */,
			);
			name = Products;
			sourceTree = "<group>";
		};
		95BF36B118F0A1170054288F /* Frameworks */ = {
			isa = PBXGroup;
			children = (
				95BF36EA18F0A12E0054288F /* FacebookSDK.framework */,
				95BF36B218F0A1170054288F /* Foundation.framework */,
				95BF36B418F0A1170054288F /* CoreGraphics.framework */,
				95BF36B618F0A1170054288F /* UIKit.framework */,
				95BF36D418F0A1180054288F /* XCTest.framework */,
			);
			name = Frameworks;
			sourceTree = "<group>";
		};
		95BF36B818F0A1170054288F /* MatchBox */ = {
			isa = PBXGroup;
			children = (
				95BF36C118F0A1170054288F /* AppDelegate.h */,
				95BF36C218F0A1180054288F /* AppDelegate.m */,
				95BF36C418F0A1180054288F /* Main_iPhone.storyboard */,
				95BF36C718F0A1180054288F /* Main_iPad.storyboard */,
				95BF36CA18F0A1180054288F /* ViewController.h */,
				95BF36CB18F0A1180054288F /* ViewController.m */,
				954EB0B718FB714C00E5AD2A /* MatchBox.h */,
				954EB0B818FB714C00E5AD2A /* MatchBox.m */,
				954EB0B118FAD1E400E5AD2A /* FBFriendsList.h */,
				954EB0B218FAD1E400E5AD2A /* FBFriendsList.m */,
				954EB0B418FB6A7500E5AD2A /* FBFriend.h */,
				954EB0B518FB6A7500E5AD2A /* FBFriend.m */,
				95BF36CD18F0A1180054288F /* Images.xcassets */,
				95BF36B918F0A1170054288F /* Supporting Files */,
				95BF36EC18F0EBBF0054288F /* MatchBoxViewController.h */,
				95BF36ED18F0EBBF0054288F /* MatchBoxViewController.m */,
			);
			path = MatchBox;
			sourceTree = "<group>";
		};
		95BF36B918F0A1170054288F /* Supporting Files */ = {
			isa = PBXGroup;
			children = (
				95BF36BA18F0A1170054288F /* MatchBox-Info.plist */,
				95BF36BB18F0A1170054288F /* InfoPlist.strings */,
				95BF36BE18F0A1170054288F /* main.m */,
				95BF36C018F0A1170054288F /* MatchBox-Prefix.pch */,
			);
			name = "Supporting Files";
			sourceTree = "<group>";
		};
		95BF36DA18F0A1180054288F /* MatchBoxTests */ = {
			isa = PBXGroup;
			children = (
				95BF36E018F0A1180054288F /* MatchBoxTests.m */,
				95BF36DB18F0A1180054288F /* Supporting Files */,
			);
			path = MatchBoxTests;
			sourceTree = "<group>";
		};
		95BF36DB18F0A1180054288F /* Supporting Files */ = {
			isa = PBXGroup;
			children = (
				95BF36DC18F0A1180054288F /* MatchBoxTests-Info.plist */,
				95BF36DD18F0A1180054288F /* InfoPlist.strings */,
			);
			name = "Supporting Files";
			sourceTree = "<group>";
		};
/* End PBXGroup section */

/* Begin PBXNativeTarget section */
		95BF36AE18F0A1170054288F /* MatchBox */ = {
			isa = PBXNativeTarget;
			buildConfigurationList = 95BF36E418F0A1180054288F /* Build configuration list for PBXNativeTarget "MatchBox" */;
			buildPhases = (
				95BF36AB18F0A1170054288F /* Sources */,
				95BF36AC18F0A1170054288F /* Frameworks */,
				95BF36AD18F0A1170054288F /* Resources */,
			);
			buildRules = (
			);
			dependencies = (
			);
			name = MatchBox;
			productName = MatchBox;
			productReference = 95BF36AF18F0A1170054288F /* MatchBox.app */;
			productType = "com.apple.product-type.application";
		};
		95BF36D218F0A1180054288F /* MatchBoxTests */ = {
			isa = PBXNativeTarget;
			buildConfigurationList = 95BF36E718F0A1180054288F /* Build configuration list for PBXNativeTarget "MatchBoxTests" */;
			buildPhases = (
				95BF36CF18F0A1180054288F /* Sources */,
				95BF36D018F0A1180054288F /* Frameworks */,
				95BF36D118F0A1180054288F /* Resources */,
			);
			buildRules = (
			);
			dependencies = (
				95BF36D918F0A1180054288F /* PBXTargetDependency */,
			);
			name = MatchBoxTests;
			productName = MatchBoxTests;
			productReference = 95BF36D318F0A1180054288F /* MatchBoxTests.xctest */;
			productType = "com.apple.product-type.bundle.unit-test";
		};
/* End PBXNativeTarget section */

/* Begin PBXProject section */
		95BF36A718F0A1170054288F /* Project object */ = {
			isa = PBXProject;
			attributes = {
				LastUpgradeCheck = 0510;
				ORGANIZATIONNAME = KMB;
				TargetAttributes = {
					95BF36D218F0A1180054288F = {
						TestTargetID = 95BF36AE18F0A1170054288F;
					};
				};
			};
			buildConfigurationList = 95BF36AA18F0A1170054288F /* Build configuration list for PBXProject "MatchBox" */;
			compatibilityVersion = "Xcode 3.2";
			developmentRegion = English;
			hasScannedForEncodings = 0;
			knownRegions = (
				en,
				Base,
			);
			mainGroup = 95BF36A618F0A1170054288F;
			productRefGroup = 95BF36B018F0A1170054288F /* Products */;
			projectDirPath = "";
			projectRoot = "";
			targets = (
				95BF36AE18F0A1170054288F /* MatchBox */,
				95BF36D218F0A1180054288F /* MatchBoxTests */,
			);
		};
/* End PBXProject section */

/* Begin PBXResourcesBuildPhase section */
		95BF36AD18F0A1170054288F /* Resources */ = {
			isa = PBXResourcesBuildPhase;
			buildActionMask = 2147483647;
			files = (
				95BF36C918F0A1180054288F /* Main_iPad.storyboard in Resources */,
				95BF36CE18F0A1180054288F /* Images.xcassets in Resources */,
				95BF36C618F0A1180054288F /* Main_iPhone.storyboard in Resources */,
				95BF36BD18F0A1170054288F /* InfoPlist.strings in Resources */,
			);
			runOnlyForDeploymentPostprocessing = 0;
		};
		95BF36D118F0A1180054288F /* Resources */ = {
			isa = PBXResourcesBuildPhase;
			buildActionMask = 2147483647;
			files = (
				95BF36DF18F0A1180054288F /* InfoPlist.strings in Resources */,
			);
			runOnlyForDeploymentPostprocessing = 0;
		};
/* End PBXResourcesBuildPhase section */

/* Begin PBXSourcesBuildPhase section */
		95BF36AB18F0A1170054288F /* Sources */ = {
			isa = PBXSourcesBuildPhase;
			buildActionMask = 2147483647;
			files = (
				954EB0B318FAD1E400E5AD2A /* FBFriendsList.m in Sources */,
				95BF36CC18F0A1180054288F /* ViewController.m in Sources */,
				954EB0B918FB714C00E5AD2A /* MatchBox.m in Sources */,
				95BF36EE18F0EBBF0054288F /* MatchBoxViewController.m in Sources */,
				95BF36C318F0A1180054288F /* AppDelegate.m in Sources */,
				95BF36BF18F0A1170054288F /* main.m in Sources */,
				954EB0B618FB6A7500E5AD2A /* FBFriend.m in Sources */,
			);
			runOnlyForDeploymentPostprocessing = 0;
		};
		95BF36CF18F0A1180054288F /* Sources */ = {
			isa = PBXSourcesBuildPhase;
			buildActionMask = 2147483647;
			files = (
				95BF36E118F0A1180054288F /* MatchBoxTests.m in Sources */,
			);
			runOnlyForDeploymentPostprocessing = 0;
		};
/* End PBXSourcesBuildPhase section */

/* Begin PBXTargetDependency section */
		95BF36D918F0A1180054288F /* PBXTargetDependency */ = {
			isa = PBXTargetDependency;
			target = 95BF36AE18F0A1170054288F /* MatchBox */;
			targetProxy = 95BF36D818F0A1180054288F /* PBXContainerItemProxy */;
		};
/* End PBXTargetDependency section */

/* Begin PBXVariantGroup section */
		95BF36BB18F0A1170054288F /* InfoPlist.strings */ = {
			isa = PBXVariantGroup;
			children = (
				95BF36BC18F0A1170054288F /* en */,
			);
			name = InfoPlist.strings;
			sourceTree = "<group>";
		};
		95BF36C418F0A1180054288F /* Main_iPhone.storyboard */ = {
			isa = PBXVariantGroup;
			children = (
				95BF36C518F0A1180054288F /* Base */,
			);
			name = Main_iPhone.storyboard;
			sourceTree = "<group>";
		};
		95BF36C718F0A1180054288F /* Main_iPad.storyboard */ = {
			isa = PBXVariantGroup;
			children = (
				95BF36C818F0A1180054288F /* Base */,
			);
			name = Main_iPad.storyboard;
			sourceTree = "<group>";
		};
		95BF36DD18F0A1180054288F /* InfoPlist.strings */ = {
			isa = PBXVariantGroup;
			children = (
				95BF36DE18F0A1180054288F /* en */,
			);
			name = InfoPlist.strings;
			sourceTree = "<group>";
		};
/* End PBXVariantGroup section */

/* Begin XCBuildConfiguration section */
		95BF36E218F0A1180054288F /* Debug */ = {
			isa = XCBuildConfiguration;
			buildSettings = {
				ALWAYS_SEARCH_USER_PATHS = NO;
				CLANG_CXX_LANGUAGE_STANDARD = "gnu++0x";
				CLANG_CXX_LIBRARY = "libc++";
				CLANG_ENABLE_MODULES = YES;
				CLANG_ENABLE_OBJC_ARC = YES;
				CLANG_WARN_BOOL_CONVERSION = YES;
				CLANG_WARN_CONSTANT_CONVERSION = YES;
				CLANG_WARN_DIRECT_OBJC_ISA_USAGE = YES_ERROR;
				CLANG_WARN_EMPTY_BODY = YES;
				CLANG_WARN_ENUM_CONVERSION = YES;
				CLANG_WARN_INT_CONVERSION = YES;
				CLANG_WARN_OBJC_ROOT_CLASS = YES_ERROR;
				CLANG_WARN__DUPLICATE_METHOD_MATCH = YES;
				"CODE_SIGN_IDENTITY[sdk=iphoneos*]" = "iPhone Developer";
				COPY_PHASE_STRIP = NO;
				GCC_C_LANGUAGE_STANDARD = gnu99;
				GCC_DYNAMIC_NO_PIC = NO;
				GCC_OPTIMIZATION_LEVEL = 0;
				GCC_PREPROCESSOR_DEFINITIONS = (
					"DEBUG=1",
					"$(inherited)",
				);
				GCC_SYMBOLS_PRIVATE_EXTERN = NO;
				GCC_WARN_64_TO_32_BIT_CONVERSION = YES;
				GCC_WARN_ABOUT_RETURN_TYPE = YES_ERROR;
				GCC_WARN_UNDECLARED_SELECTOR = YES;
				GCC_WARN_UNINITIALIZED_AUTOS = YES_AGGRESSIVE;
				GCC_WARN_UNUSED_FUNCTION = YES;
				GCC_WARN_UNUSED_VARIABLE = YES;
				IPHONEOS_DEPLOYMENT_TARGET = 7.1;
				ONLY_ACTIVE_ARCH = YES;
				SDKROOT = iphoneos;
				TARGETED_DEVICE_FAMILY = "1,2";
			};
			name = Debug;
		};
		95BF36E318F0A1180054288F /* Release */ = {
			isa = XCBuildConfiguration;
			buildSettings = {
				ALWAYS_SEARCH_USER_PATHS = NO;
				CLANG_CXX_LANGUAGE_STANDARD = "gnu++0x";
				CLANG_CXX_LIBRARY = "libc++";
				CLANG_ENABLE_MODULES = YES;
				CLANG_ENABLE_OBJC_ARC = YES;
				CLANG_WARN_BOOL_CONVERSION = YES;
				CLANG_WARN_CONSTANT_CONVERSION = YES;
				CLANG_WARN_DIRECT_OBJC_ISA_USAGE = YES_ERROR;
				CLANG_WARN_EMPTY_BODY = YES;
				CLANG_WARN_ENUM_CONVERSION = YES;
				CLANG_WARN_INT_CONVERSION = YES;
				CLANG_WARN_OBJC_ROOT_CLASS = YES_ERROR;
				CLANG_WARN__DUPLICATE_METHOD_MATCH = YES;
				"CODE_SIGN_IDENTITY[sdk=iphoneos*]" = "iPhone Developer";
				COPY_PHASE_STRIP = YES;
				ENABLE_NS_ASSERTIONS = NO;
				GCC_C_LANGUAGE_STANDARD = gnu99;
				GCC_WARN_64_TO_32_BIT_CONVERSION = YES;
				GCC_WARN_ABOUT_RETURN_TYPE = YES_ERROR;
				GCC_WARN_UNDECLARED_SELECTOR = YES;
				GCC_WARN_UNINITIALIZED_AUTOS = YES_AGGRESSIVE;
				GCC_WARN_UNUSED_FUNCTION = YES;
				GCC_WARN_UNUSED_VARIABLE = YES;
				IPHONEOS_DEPLOYMENT_TARGET = 7.1;
				SDKROOT = iphoneos;
				TARGETED_DEVICE_FAMILY = "1,2";
				VALIDATE_PRODUCT = YES;
			};
			name = Release;
		};
		95BF36E518F0A1180054288F /* Debug */ = {
			isa = XCBuildConfiguration;
			buildSettings = {
				ASSETCATALOG_COMPILER_APPICON_NAME = AppIcon;
				ASSETCATALOG_COMPILER_LAUNCHIMAGE_NAME = LaunchImage;
				FRAMEWORK_SEARCH_PATHS = (
					"$(inherited)",
					/Users/matthewmchugh/Documents/FacebookSDK,
				);
				GCC_PRECOMPILE_PREFIX_HEADER = YES;
				GCC_PREFIX_HEADER = "MatchBox/MatchBox-Prefix.pch";
				INFOPLIST_FILE = "MatchBox/MatchBox-Info.plist";
				PRODUCT_NAME = "$(TARGET_NAME)";
				WRAPPER_EXTENSION = app;
			};
			name = Debug;
		};
		95BF36E618F0A1180054288F /* Release */ = {
			isa = XCBuildConfiguration;
			buildSettings = {
				ASSETCATALOG_COMPILER_APPICON_NAME = AppIcon;
				ASSETCATALOG_COMPILER_LAUNCHIMAGE_NAME = LaunchImage;
				FRAMEWORK_SEARCH_PATHS = (
					"$(inherited)",
					/Users/matthewmchugh/Documents/FacebookSDK,
				);
				GCC_PRECOMPILE_PREFIX_HEADER = YES;
				GCC_PREFIX_HEADER = "MatchBox/MatchBox-Prefix.pch";
				INFOPLIST_FILE = "MatchBox/MatchBox-Info.plist";
				PRODUCT_NAME = "$(TARGET_NAME)";
				WRAPPER_EXTENSION = app;
			};
			name = Release;
		};
		95BF36E818F0A1180054288F /* Debug */ = {
			isa = XCBuildConfiguration;
			buildSettings = {
				BUNDLE_LOADER = "$(BUILT_PRODUCTS_DIR)/MatchBox.app/MatchBox";
				FRAMEWORK_SEARCH_PATHS = (
					"$(SDKROOT)/Developer/Library/Frameworks",
					"$(inherited)",
					"$(DEVELOPER_FRAMEWORKS_DIR)",
				);
				GCC_PRECOMPILE_PREFIX_HEADER = YES;
				GCC_PREFIX_HEADER = "MatchBox/MatchBox-Prefix.pch";
				GCC_PREPROCESSOR_DEFINITIONS = (
					"DEBUG=1",
					"$(inherited)",
				);
				INFOPLIST_FILE = "MatchBoxTests/MatchBoxTests-Info.plist";
				PRODUCT_NAME = "$(TARGET_NAME)";
				TEST_HOST = "$(BUNDLE_LOADER)";
				WRAPPER_EXTENSION = xctest;
			};
			name = Debug;
		};
		95BF36E918F0A1180054288F /* Release */ = {
			isa = XCBuildConfiguration;
			buildSettings = {
				BUNDLE_LOADER = "$(BUILT_PRODUCTS_DIR)/MatchBox.app/MatchBox";
				FRAMEWORK_SEARCH_PATHS = (
					"$(SDKROOT)/Developer/Library/Frameworks",
					"$(inherited)",
					"$(DEVELOPER_FRAMEWORKS_DIR)",
				);
				GCC_PRECOMPILE_PREFIX_HEADER = YES;
				GCC_PREFIX_HEADER = "MatchBox/MatchBox-Prefix.pch";
				INFOPLIST_FILE = "MatchBoxTests/MatchBoxTests-Info.plist";
				PRODUCT_NAME = "$(TARGET_NAME)";
				TEST_HOST = "$(BUNDLE_LOADER)";
				WRAPPER_EXTENSION = xctest;
			};
			name = Release;
		};
/* End XCBuildConfiguration section */

/* Begin XCConfigurationList section */
		95BF36AA18F0A1170054288F /* Build configuration list for PBXProject "MatchBox" */ = {
			isa = XCConfigurationList;
			buildConfigurations = (
				95BF36E218F0A1180054288F /* Debug */,
				95BF36E318F0A1180054288F /* Release */,
			);
			defaultConfigurationIsVisible = 0;
			defaultConfigurationName = Release;
		};
		95BF36E418F0A1180054288F /* Build configuration list for PBXNativeTarget "MatchBox" */ = {
			isa = XCConfigurationList;
			buildConfigurations = (
				95BF36E518F0A1180054288F /* Debug */,
				95BF36E618F0A1180054288F /* Release */,
			);
			defaultConfigurationIsVisible = 0;
			defaultConfigurationName = Release;
		};
		95BF36E718F0A1180054288F /* Build configuration list for PBXNativeTarget "MatchBoxTests" */ = {
			isa = XCConfigurationList;
			buildConfigurations = (
				95BF36E818F0A1180054288F /* Debug */,
				95BF36E918F0A1180054288F /* Release */,
			);
			defaultConfigurationIsVisible = 0;
			defaultConfigurationName = Release;
		};
/* End XCConfigurationList section */
	};
	rootObject = 95BF36A718F0A1170054288F /* Project object */;
}
